
Microsoft Visual Studio Solution File, Format Version 12.00
# Visual Studio Version 16
VisualStudioVersion = 16.0.30804.86
MinimumVisualStudioVersion = 10.0.40219.1
Project("{9A19103F-16F7-4668-BE54-9A1E7A4F7556}") = "DatingApp", "DatingApp\DatingApp.csproj", "{FD0EE578-DD04-408F-8489-E12BBAF1E2C9}"
EndProject
Project("{FAE04EC0-301F-11D3-BF4B-00C04F79EFBC}") = "DataLayer", "DataLayer\DataLayer.csproj", "{466282B0-BA73-46A6-9B5D-36AFDA6B469A}"
EndProject
Global
	GlobalSection(SolutionConfigurationPlatforms) = preSolution
		Debug|Any CPU = Debug|Any CPU
		Release|Any CPU = Release|Any CPU
	EndGlobalSection
	GlobalSection(ProjectConfigurationPlatforms) = postSolution
		{FD0EE578-DD04-408F-8489-E12BBAF1E2C9}.Debug|Any CPU.ActiveCfg = Debug|Any CPU
		{FD0EE578-DD04-408F-8489-E12BBAF1E2C9}.Debug|Any CPU.Build.0 = Debug|Any CPU
		{FD0EE578-DD04-408F-8489-E12BBAF1E2C9}.Release|Any CPU.ActiveCfg = Release|Any CPU
		{FD0EE578-DD04-408F-8489-E12BBAF1E2C9}.Release|Any CPU.Build.0 = Release|Any CPU
		{466282B0-BA73-46A6-9B5D-36AFDA6B469A}.Debug|Any CPU.ActiveCfg = Debug|Any CPU
		{466282B0-BA73-46A6-9B5D-36AFDA6B469A}.Debug|Any CPU.Build.0 = Debug|Any CPU
		{466282B0-BA73-46A6-9B5D-36AFDA6B469A}.Release|Any CPU.ActiveCfg = Release|Any CPU
		{466282B0-BA73-46A6-9B5D-36AFDA6B469A}.Release|Any CPU.Build.0 = Release|Any CPU
	EndGlobalSection
	GlobalSection(SolutionProperties) = preSolution
		HideSolutionNode = FALSE
	EndGlobalSection
	GlobalSection(ExtensibilityGlobals) = postSolution
		SolutionGuid = {5704A337-5532-46A5-A325-49C5513E1158}
	EndGlobalSection
EndGlobal
